
Microsoft Visual Studio Solution File, Format Version 12.00
# Visual Studio 2012
Project("{FAE04EC0-301F-11D3-BF4B-00C04F79EFBC}") = "StoryboardTables", "StoryboardTables\StoryboardTables.csproj", "{E763B714-52AF-4AD3-87AC-1DD3414D5675}"
EndProject
Global
	GlobalSection(SolutionConfigurationPlatforms) = preSolution
		Debug|iPhoneSimulator = Debug|iPhoneSimulator
		Release|iPhone = Release|iPhone
		Release|iPhoneSimulator = Release|iPhoneSimulator
		Debug|iPhone = Debug|iPhone
	EndGlobalSection
	GlobalSection(ProjectConfigurationPlatforms) = postSolution
		{E763B714-52AF-4AD3-87AC-1DD3414D5675}.Debug|iPhoneSimulator.ActiveCfg = Debug|iPhoneSimulator
		{E763B714-52AF-4AD3-87AC-1DD3414D5675}.Debug|iPhoneSimulator.Build.0 = Debug|iPhoneSimulator
		{E763B714-52AF-4AD3-87AC-1DD3414D5675}.Release|iPhone.ActiveCfg = Release|iPhone
		{E763B714-52AF-4AD3-87AC-1DD3414D5675}.Release|iPhone.Build.0 = Release|iPhone
		{E763B714-52AF-4AD3-87AC-1DD3414D5675}.Release|iPhoneSimulator.ActiveCfg = Release|iPhoneSimulator
		{E763B714-52AF-4AD3-87AC-1DD3414D5675}.Release|iPhoneSimulator.Build.0 = Release|iPhoneSimulator
		{E763B714-52AF-4AD3-87AC-1DD3414D5675}.Debug|iPhone.ActiveCfg = Debug|iPhone
		{E763B714-52AF-4AD3-87AC-1DD3414D5675}.Debug|iPhone.Build.0 = Debug|iPhone
	EndGlobalSection
EndGlobal
